// !$*UTF8*$!
{
	archiveVersion = 1;
	classes = {
	};
	objectVersion = 50;
	objects = {

/* Begin PBXBuildFile section */
		F428BEE421BA920900BFDF23 /* AppDelegate.swift in Sources */ = {isa = PBXBuildFile; fileRef = F428BEE321BA920900BFDF23 /* AppDelegate.swift */; };
		F428BEE621BA920900BFDF23 /* ViewController.swift in Sources */ = {isa = PBXBuildFile; fileRef = F428BEE521BA920900BFDF23 /* ViewController.swift */; };
		F428BEE921BA920900BFDF23 /* Main.storyboard in Resources */ = {isa = PBXBuildFile; fileRef = F428BEE721BA920900BFDF23 /* Main.storyboard */; };
		F428BEEC21BA920900BFDF23 /* persitent.xcdatamodeld in Sources */ = {isa = PBXBuildFile; fileRef = F428BEEA21BA920900BFDF23 /* persitent.xcdatamodeld */; };
		F428BEEE21BA921E00BFDF23 /* Assets.xcassets in Resources */ = {isa = PBXBuildFile; fileRef = F428BEED21BA921E00BFDF23 /* Assets.xcassets */; };
		F428BEF121BA921E00BFDF23 /* LaunchScreen.storyboard in Resources */ = {isa = PBXBuildFile; fileRef = F428BEEF21BA921E00BFDF23 /* LaunchScreen.storyboard */; };
		F428BEFC21BA921F00BFDF23 /* persitentTests.swift in Sources */ = {isa = PBXBuildFile; fileRef = F428BEFB21BA921F00BFDF23 /* persitentTests.swift */; };
		F428BF0721BA921F00BFDF23 /* persitentUITests.swift in Sources */ = {isa = PBXBuildFile; fileRef = F428BF0621BA921F00BFDF23 /* persitentUITests.swift */; };
/* End PBXBuildFile section */

/* Begin PBXContainerItemProxy section */
		F428BEF821BA921F00BFDF23 /* PBXContainerItemProxy */ = {
			isa = PBXContainerItemProxy;
			containerPortal = F428BED821BA920800BFDF23 /* Project object */;
			proxyType = 1;
			remoteGlobalIDString = F428BEDF21BA920800BFDF23;
			remoteInfo = persitent;
		};
		F428BF0321BA921F00BFDF23 /* PBXContainerItemProxy */ = {
			isa = PBXContainerItemProxy;
			containerPortal = F428BED821BA920800BFDF23 /* Project object */;
			proxyType = 1;
			remoteGlobalIDString = F428BEDF21BA920800BFDF23;
			remoteInfo = persitent;
		};
/* End PBXContainerItemProxy section */

/* Begin PBXFileReference section */
		F428BEE021BA920800BFDF23 /* persitent.app */ = {isa = PBXFileReference; explicitFileType = wrapper.application; includeInIndex = 0; path = persitent.app; sourceTree = BUILT_PRODUCTS_DIR; };
		F428BEE321BA920900BFDF23 /* AppDelegate.swift */ = {isa = PBXFileReference; lastKnownFileType = sourcecode.swift; path = AppDelegate.swift; sourceTree = "<group>"; };
		F428BEE521BA920900BFDF23 /* ViewController.swift */ = {isa = PBXFileReference; lastKnownFileType = sourcecode.swift; path = ViewController.swift; sourceTree = "<group>"; };
		F428BEE821BA920900BFDF23 /* Base */ = {isa = PBXFileReference; lastKnownFileType = file.storyboard; name = Base; path = Base.lproj/Main.storyboard; sourceTree = "<group>"; };
		F428BEEB21BA920900BFDF23 /* persitent.xcdatamodel */ = {isa = PBXFileReference; lastKnownFileType = wrapper.xcdatamodel; path = persitent.xcdatamodel; sourceTree = "<group>"; };
		F428BEED21BA921E00BFDF23 /* Assets.xcassets */ = {isa = PBXFileReference; lastKnownFileType = folder.assetcatalog; path = Assets.xcassets; sourceTree = "<group>"; };
		F428BEF021BA921E00BFDF23 /* Base */ = {isa = PBXFileReference; lastKnownFileType = file.storyboard; name = Base; path = Base.lproj/LaunchScreen.storyboard; sourceTree = "<group>"; };
		F428BEF221BA921E00BFDF23 /* Info.plist */ = {isa = PBXFileReference; lastKnownFileType = text.plist.xml; path = Info.plist; sourceTree = "<group>"; };
		F428BEF721BA921F00BFDF23 /* persitentTests.xctest */ = {isa = PBXFileReference; explicitFileType = wrapper.cfbundle; includeInIndex = 0; path = persitentTests.xctest; sourceTree = BUILT_PRODUCTS_DIR; };
		F428BEFB21BA921F00BFDF23 /* persitentTests.swift */ = {isa = PBXFileReference; lastKnownFileType = sourcecode.swift; path = persitentTests.swift; sourceTree = "<group>"; };
		F428BEFD21BA921F00BFDF23 /* Info.plist */ = {isa = PBXFileReference; lastKnownFileType = text.plist.xml; path = Info.plist; sourceTree = "<group>"; };
		F428BF0221BA921F00BFDF23 /* persitentUITests.xctest */ = {isa = PBXFileReference; explicitFileType = wrapper.cfbundle; includeInIndex = 0; path = persitentUITests.xctest; sourceTree = BUILT_PRODUCTS_DIR; };
		F428BF0621BA921F00BFDF23 /* persitentUITests.swift */ = {isa = PBXFileReference; lastKnownFileType = sourcecode.swift; path = persitentUITests.swift; sourceTree = "<group>"; };
		F428BF0821BA921F00BFDF23 /* Info.plist */ = {isa = PBXFileReference; lastKnownFileType = text.plist.xml; path = Info.plist; sourceTree = "<group>"; };
/* End PBXFileReference section */

/* Begin PBXFrameworksBuildPhase section */
		F428BEDD21BA920800BFDF23 /* Frameworks */ = {
			isa = PBXFrameworksBuildPhase;
			buildActionMask = 2147483647;
			files = (
			);
			runOnlyForDeploymentPostprocessing = 0;
		};
		F428BEF421BA921F00BFDF23 /* Frameworks */ = {
			isa = PBXFrameworksBuildPhase;
			buildActionMask = 2147483647;
			files = (
			);
			runOnlyForDeploymentPostprocessing = 0;
		};
		F428BEFF21BA921F00BFDF23 /* Frameworks */ = {
			isa = PBXFrameworksBuildPhase;
			buildActionMask = 2147483647;
			files = (
			);
			runOnlyForDeploymentPostprocessing = 0;
		};
/* End PBXFrameworksBuildPhase section */

/* Begin PBXGroup section */
		F428BED721BA920800BFDF23 = {
			isa = PBXGroup;
			children = (
				F428BEE221BA920800BFDF23 /* persitent */,
				F428BEFA21BA921F00BFDF23 /* persitentTests */,
				F428BF0521BA921F00BFDF23 /* persitentUITests */,
				F428BEE121BA920800BFDF23 /* Products */,
			);
			sourceTree = "<group>";
		};
		F428BEE121BA920800BFDF23 /* Products */ = {
			isa = PBXGroup;
			children = (
				F428BEE021BA920800BFDF23 /* persitent.app */,
				F428BEF721BA921F00BFDF23 /* persitentTests.xctest */,
				F428BF0221BA921F00BFDF23 /* persitentUITests.xctest */,
			);
			name = Products;
			sourceTree = "<group>";
		};
		F428BEE221BA920800BFDF23 /* persitent */ = {
			isa = PBXGroup;
			children = (
				F428BEE321BA920900BFDF23 /* AppDelegate.swift */,
				F428BEE521BA920900BFDF23 /* ViewController.swift */,
				F428BEE721BA920900BFDF23 /* Main.storyboard */,
				F428BEED21BA921E00BFDF23 /* Assets.xcassets */,
				F428BEEF21BA921E00BFDF23 /* LaunchScreen.storyboard */,
				F428BEF221BA921E00BFDF23 /* Info.plist */,
				F428BEEA21BA920900BFDF23 /* persitent.xcdatamodeld */,
			);
			path = persitent;
			sourceTree = "<group>";
		};
		F428BEFA21BA921F00BFDF23 /* persitentTests */ = {
			isa = PBXGroup;
			children = (
				F428BEFB21BA921F00BFDF23 /* persitentTests.swift */,
				F428BEFD21BA921F00BFDF23 /* Info.plist */,
			);
			path = persitentTests;
			sourceTree = "<group>";
		};
		F428BF0521BA921F00BFDF23 /* persitentUITests */ = {
			isa = PBXGroup;
			children = (
				F428BF0621BA921F00BFDF23 /* persitentUITests.swift */,
				F428BF0821BA921F00BFDF23 /* Info.plist */,
			);
			path = persitentUITests;
			sourceTree = "<group>";
		};
/* End PBXGroup section */

/* Begin PBXNativeTarget section */
		F428BEDF21BA920800BFDF23 /* persitent */ = {
			isa = PBXNativeTarget;
			buildConfigurationList = F428BF0B21BA921F00BFDF23 /* Build configuration list for PBXNativeTarget "persitent" */;
			buildPhases = (
				F428BEDC21BA920800BFDF23 /* Sources */,
				F428BEDD21BA920800BFDF23 /* Frameworks */,
				F428BEDE21BA920800BFDF23 /* Resources */,
			);
			buildRules = (
			);
			dependencies = (
			);
			name = persitent;
			productName = persitent;
			productReference = F428BEE021BA920800BFDF23 /* persitent.app */;
			productType = "com.apple.product-type.application";
		};
		F428BEF621BA921F00BFDF23 /* persitentTests */ = {
			isa = PBXNativeTarget;
			buildConfigurationList = F428BF0E21BA921F00BFDF23 /* Build configuration list for PBXNativeTarget "persitentTests" */;
			buildPhases = (
				F428BEF321BA921F00BFDF23 /* Sources */,
				F428BEF421BA921F00BFDF23 /* Frameworks */,
				F428BEF521BA921F00BFDF23 /* Resources */,
			);
			buildRules = (
			);
			dependencies = (
				F428BEF921BA921F00BFDF23 /* PBXTargetDependency */,
			);
			name = persitentTests;
			productName = persitentTests;
			productReference = F428BEF721BA921F00BFDF23 /* persitentTests.xctest */;
			productType = "com.apple.product-type.bundle.unit-test";
		};
		F428BF0121BA921F00BFDF23 /* persitentUITests */ = {
			isa = PBXNativeTarget;
			buildConfigurationList = F428BF1121BA921F00BFDF23 /* Build configuration list for PBXNativeTarget "persitentUITests" */;
			buildPhases = (
				F428BEFE21BA921F00BFDF23 /* Sources */,
				F428BEFF21BA921F00BFDF23 /* Frameworks */,
				F428BF0021BA921F00BFDF23 /* Resources */,
			);
			buildRules = (
			);
			dependencies = (
				F428BF0421BA921F00BFDF23 /* PBXTargetDependency */,
			);
			name = persitentUITests;
			productName = persitentUITests;
			productReference = F428BF0221BA921F00BFDF23 /* persitentUITests.xctest */;
			productType = "com.apple.product-type.bundle.ui-testing";
		};
/* End PBXNativeTarget section */

/* Begin PBXProject section */
		F428BED821BA920800BFDF23 /* Project object */ = {
			isa = PBXProject;
			attributes = {
				LastSwiftUpdateCheck = 0940;
				LastUpgradeCheck = 0940;
				ORGANIZATIONNAME = "Student 06";
				TargetAttributes = {
					F428BEDF21BA920800BFDF23 = {
						CreatedOnToolsVersion = 9.4.1;
					};
					F428BEF621BA921F00BFDF23 = {
						CreatedOnToolsVersion = 9.4.1;
						TestTargetID = F428BEDF21BA920800BFDF23;
					};
					F428BF0121BA921F00BFDF23 = {
						CreatedOnToolsVersion = 9.4.1;
						TestTargetID = F428BEDF21BA920800BFDF23;
					};
				};
			};
			buildConfigurationList = F428BEDB21BA920800BFDF23 /* Build configuration list for PBXProject "persitent" */;
			compatibilityVersion = "Xcode 9.3";
			developmentRegion = en;
			hasScannedForEncodings = 0;
			knownRegions = (
				en,
				Base,
			);
			mainGroup = F428BED721BA920800BFDF23;
			productRefGroup = F428BEE121BA920800BFDF23 /* Products */;
			projectDirPath = "";
			projectRoot = "";
			targets = (
				F428BEDF21BA920800BFDF23 /* persitent */,
				F428BEF621BA921F00BFDF23 /* persitentTests */,
				F428BF0121BA921F00BFDF23 /* persitentUITests */,
			);
		};
/* End PBXProject section */

/* Begin PBXResourcesBuildPhase section */
		F428BEDE21BA920800BFDF23 /* Resources */ = {
			isa = PBXResourcesBuildPhase;
			buildActionMask = 2147483647;
			files = (
				F428BEF121BA921E00BFDF23 /* LaunchScreen.storyboard in Resources */,
				F428BEEE21BA921E00BFDF23 /* Assets.xcassets in Resources */,
				F428BEE921BA920900BFDF23 /* Main.storyboard in Resources */,
			);
			runOnlyForDeploymentPostprocessing = 0;
		};
		F428BEF521BA921F00BFDF23 /* Resources */ = {
			isa = PBXResourcesBuildPhase;
			buildActionMask = 2147483647;
			files = (
			);
			runOnlyForDeploymentPostprocessing = 0;
		};
		F428BF0021BA921F00BFDF23 /* Resources */ = {
			isa = PBXResourcesBuildPhase;
			buildActionMask = 2147483647;
			files = (
			);
			runOnlyForDeploymentPostprocessing = 0;
		};
/* End PBXResourcesBuildPhase section */

/* Begin PBXSourcesBuildPhase section */
		F428BEDC21BA920800BFDF23 /* Sources */ = {
			isa = PBXSourcesBuildPhase;
			buildActionMask = 2147483647;
			files = (
				F428BEE621BA920900BFDF23 /* ViewController.swift in Sources */,
				F428BEEC21BA920900BFDF23 /* persitent.xcdatamodeld in Sources */,
				F428BEE421BA920900BFDF23 /* AppDelegate.swift in Sources */,
			);
			runOnlyForDeploymentPostprocessing = 0;
		};
		F428BEF321BA921F00BFDF23 /* Sources */ = {
			isa = PBXSourcesBuildPhase;
			buildActionMask = 2147483647;
			files = (
				F428BEFC21BA921F00BFDF23 /* persitentTests.swift in Sources */,
			);
			runOnlyForDeploymentPostprocessing = 0;
		};
		F428BEFE21BA921F00BFDF23 /* Sources */ = {
			isa = PBXSourcesBuildPhase;
			buildActionMask = 2147483647;
			files = (
				F428BF0721BA921F00BFDF23 /* persitentUITests.swift in Sources */,
			);
			runOnlyForDeploymentPostprocessing = 0;
		};
/* End PBXSourcesBuildPhase section */

/* Begin PBXTargetDependency section */
		F428BEF921BA921F00BFDF23 /* PBXTargetDependency */ = {
			isa = PBXTargetDependency;
			target = F428BEDF21BA920800BFDF23 /* persitent */;
			targetProxy = F428BEF821BA921F00BFDF23 /* PBXContainerItemProxy */;
		};
		F428BF0421BA921F00BFDF23 /* PBXTargetDependency */ = {
			isa = PBXTargetDependency;
			target = F428BEDF21BA920800BFDF23 /* persitent */;
			targetProxy = F428BF0321BA921F00BFDF23 /* PBXContainerItemProxy */;
		};
/* End PBXTargetDependency section */

/* Begin PBXVariantGroup section */
		F428BEE721BA920900BFDF23 /* Main.storyboard */ = {
			isa = PBXVariantGroup;
			children = (
				F428BEE821BA920900BFDF23 /* Base */,
			);
			name = Main.storyboard;
			sourceTree = "<group>";
		};
		F428BEEF21BA921E00BFDF23 /* LaunchScreen.storyboard */ = {
			isa = PBXVariantGroup;
			children = (
				F428BEF021BA921E00BFDF23 /* Base */,
			);
			name = LaunchScreen.storyboard;
			sourceTree = "<group>";
		};
/* End PBXVariantGroup section */

/* Begin XCBuildConfiguration section */
		F428BF0921BA921F00BFDF23 /* Debug */ = {
			isa = XCBuildConfiguration;
			buildSettings = {
				ALWAYS_SEARCH_USER_PATHS = NO;
				CLANG_ANALYZER_NONNULL = YES;
				CLANG_ANALYZER_NUMBER_OBJECT_CONVERSION = YES_AGGRESSIVE;
				CLANG_CXX_LANGUAGE_STANDARD = "gnu++14";
				CLANG_CXX_LIBRARY = "libc++";
				CLANG_ENABLE_MODULES = YES;
				CLANG_ENABLE_OBJC_ARC = YES;
				CLANG_ENABLE_OBJC_WEAK = YES;
				CLANG_WARN_BLOCK_CAPTURE_AUTORELEASING = YES;
				CLANG_WARN_BOOL_CONVERSION = YES;
				CLANG_WARN_COMMA = YES;
				CLANG_WARN_CONSTANT_CONVERSION = YES;
				CLANG_WARN_DEPRECATED_OBJC_IMPLEMENTATIONS = YES;
				CLANG_WARN_DIRECT_OBJC_ISA_USAGE = YES_ERROR;
				CLANG_WARN_DOCUMENTATION_COMMENTS = YES;
				CLANG_WARN_EMPTY_BODY = YES;
				CLANG_WARN_ENUM_CONVERSION = YES;
				CLANG_WARN_INFINITE_RECURSION = YES;
				CLANG_WARN_INT_CONVERSION = YES;
				CLANG_WARN_NON_LITERAL_NULL_CONVERSION = YES;
				CLANG_WARN_OBJC_IMPLICIT_RETAIN_SELF = YES;
				CLANG_WARN_OBJC_LITERAL_CONVERSION = YES;
				CLANG_WARN_OBJC_ROOT_CLASS = YES_ERROR;
				CLANG_WARN_RANGE_LOOP_ANALYSIS = YES;
				CLANG_WARN_STRICT_PROTOTYPES = YES;
				CLANG_WARN_SUSPICIOUS_MOVE = YES;
				CLANG_WARN_UNGUARDED_AVAILABILITY = YES_AGGRESSIVE;
				CLANG_WARN_UNREACHABLE_CODE = YES;
				CLANG_WARN__DUPLICATE_METHOD_MATCH = YES;
				CODE_SIGN_IDENTITY = "iPhone Developer";
				COPY_PHASE_STRIP = NO;
				DEBUG_INFORMATION_FORMAT = dwarf;
				ENABLE_STRICT_OBJC_MSGSEND = YES;
				ENABLE_TESTABILITY = YES;
				GCC_C_LANGUAGE_STANDARD = gnu11;
				GCC_DYNAMIC_NO_PIC = NO;
				GCC_NO_COMMON_BLOCKS = YES;
				GCC_OPTIMIZATION_LEVEL = 0;
				GCC_PREPROCESSOR_DEFINITIONS = (
					"DEBUG=1",
					"$(inherited)",
				);
				GCC_WARN_64_TO_32_BIT_CONVERSION = YES;
				GCC_WARN_ABOUT_RETURN_TYPE = YES_ERROR;
				GCC_WARN_UNDECLARED_SELECTOR = YES;
				GCC_WARN_UNINITIALIZED_AUTOS = YES_AGGRESSIVE;
				GCC_WARN_UNUSED_FUNCTION = YES;
				GCC_WARN_UNUSED_VARIABLE = YES;
				IPHONEOS_DEPLOYMENT_TARGET = 11.4;
				MTL_ENABLE_DEBUG_INFO = YES;
				ONLY_ACTIVE_ARCH = YES;
				SDKROOT = iphoneos;
				SWIFT_ACTIVE_COMPILATION_CONDITIONS = DEBUG;
				SWIFT_OPTIMIZATION_LEVEL = "-Onone";
			};
			name = Debug;
		};
		F428BF0A21BA921F00BFDF23 /* Release */ = {
			isa = XCBuildConfiguration;
			buildSettings = {
				ALWAYS_SEARCH_USER_PATHS = NO;
				CLANG_ANALYZER_NONNULL = YES;
				CLANG_ANALYZER_NUMBER_OBJECT_CONVERSION = YES_AGGRESSIVE;
				CLANG_CXX_LANGUAGE_STANDARD = "gnu++14";
				CLANG_CXX_LIBRARY = "libc++";
				CLANG_ENABLE_MODULES = YES;
				CLANG_ENABLE_OBJC_ARC = YES;
				CLANG_ENABLE_OBJC_WEAK = YES;
				CLANG_WARN_BLOCK_CAPTURE_AUTORELEASING = YES;
				CLANG_WARN_BOOL_CONVERSION = YES;
				CLANG_WARN_COMMA = YES;
				CLANG_WARN_CONSTANT_CONVERSION = YES;
				CLANG_WARN_DEPRECATED_OBJC_IMPLEMENTATIONS = YES;
				CLANG_WARN_DIRECT_OBJC_ISA_USAGE = YES_ERROR;
				CLANG_WARN_DOCUMENTATION_COMMENTS = YES;
				CLANG_WARN_EMPTY_BODY = YES;
				CLANG_WARN_ENUM_CONVERSION = YES;
				CLANG_WARN_INFINITE_RECURSION = YES;
				CLANG_WARN_INT_CONVERSION = YES;
				CLANG_WARN_NON_LITERAL_NULL_CONVERSION = YES;
				CLANG_WARN_OBJC_IMPLICIT_RETAIN_SELF = YES;
				CLANG_WARN_OBJC_LITERAL_CONVERSION = YES;
				CLANG_WARN_OBJC_ROOT_CLASS = YES_ERROR;
				CLANG_WARN_RANGE_LOOP_ANALYSIS = YES;
				CLANG_WARN_STRICT_PROTOTYPES = YES;
				CLANG_WARN_SUSPICIOUS_MOVE = YES;
				CLANG_WARN_UNGUARDED_AVAILABILITY = YES_AGGRESSIVE;
				CLANG_WARN_UNREACHABLE_CODE = YES;
				CLANG_WARN__DUPLICATE_METHOD_MATCH = YES;
				CODE_SIGN_IDENTITY = "iPhone Developer";
				COPY_PHASE_STRIP = NO;
				DEBUG_INFORMATION_FORMAT = "dwarf-with-dsym";
				ENABLE_NS_ASSERTIONS = NO;
				ENABLE_STRICT_OBJC_MSGSEND = YES;
				GCC_C_LANGUAGE_STANDARD = gnu11;
				GCC_NO_COMMON_BLOCKS = YES;
				GCC_WARN_64_TO_32_BIT_CONVERSION = YES;
				GCC_WARN_ABOUT_RETURN_TYPE = YES_ERROR;
				GCC_WARN_UNDECLARED_SELECTOR = YES;
				GCC_WARN_UNINITIALIZED_AUTOS = YES_AGGRESSIVE;
				GCC_WARN_UNUSED_FUNCTION = YES;
				GCC_WARN_UNUSED_VARIABLE = YES;
				IPHONEOS_DEPLOYMENT_TARGET = 11.4;
				MTL_ENABLE_DEBUG_INFO = NO;
				SDKROOT = iphoneos;
				SWIFT_COMPILATION_MODE = wholemodule;
				SWIFT_OPTIMIZATION_LEVEL = "-O";
				VALIDATE_PRODUCT = YES;
			};
			name = Release;
		};
		F428BF0C21BA921F00BFDF23 /* Debug */ = {
			isa = XCBuildConfiguration;
			buildSettings = {
				ASSETCATALOG_COMPILER_APPICON_NAME = AppIcon;
				CODE_SIGN_STYLE = Automatic;
				INFOPLIST_FILE = persitent/Info.plist;
				LD_RUNPATH_SEARCH_PATHS = (
					"$(inherited)",
					"@executable_path/Frameworks",
				);
				PRODUCT_BUNDLE_IDENTIFIER = Felix.persitent;
				PRODUCT_NAME = "$(TARGET_NAME)";
				SWIFT_VERSION = 4.0;
				TARGETED_DEVICE_FAMILY = "1,2";
			};
			name = Debug;
		};
		F428BF0D21BA921F00BFDF23 /* Release */ = {
			isa = XCBuildConfiguration;
			buildSettings = {
				ASSETCATALOG_COMPILER_APPICON_NAME = AppIcon;
				CODE_SIGN_STYLE = Automatic;
				INFOPLIST_FILE = persitent/Info.plist;
				LD_RUNPATH_SEARCH_PATHS = (
					"$(inherited)",
					"@executable_path/Frameworks",
				);
				PRODUCT_BUNDLE_IDENTIFIER = Felix.persitent;
				PRODUCT_NAME = "$(TARGET_NAME)";
				SWIFT_VERSION = 4.0;
				TARGETED_DEVICE_FAMILY = "1,2";
			};
			name = Release;
		};
		F428BF0F21BA921F00BFDF23 /* Debug */ = {
			isa = XCBuildConfiguration;
			buildSettings = {
				ALWAYS_EMBED_SWIFT_STANDARD_LIBRARIES = YES;
				BUNDLE_LOADER = "$(TEST_HOST)";
				CODE_SIGN_STYLE = Automatic;
				INFOPLIST_FILE = persitentTests/Info.plist;
				LD_RUNPATH_SEARCH_PATHS = (
					"$(inherited)",
					"@executable_path/Frameworks",
					"@loader_path/Frameworks",
				);
				PRODUCT_BUNDLE_IDENTIFIER = Felix.persitentTests;
				PRODUCT_NAME = "$(TARGET_NAME)";
				SWIFT_VERSION = 4.0;
				TARGETED_DEVICE_FAMILY = "1,2";
				TEST_HOST = "$(BUILT_PRODUCTS_DIR)/persitent.app/persitent";
			};
			name = Debug;
		};
		F428BF1021BA921F00BFDF23 /* Release */ = {
			isa = XCBuildConfiguration;
			buildSettings = {
				ALWAYS_EMBED_SWIFT_STANDARD_LIBRARIES = YES;
				BUNDLE_LOADER = "$(TEST_HOST)";
				CODE_SIGN_STYLE = Automatic;
				INFOPLIST_FILE = persitentTests/Info.plist;
				LD_RUNPATH_SEARCH_PATHS = (
					"$(inherited)",
					"@executable_path/Frameworks",
					"@loader_path/Frameworks",
				);
				PRODUCT_BUNDLE_IDENTIFIER = Felix.persitentTests;
				PRODUCT_NAME = "$(TARGET_NAME)";
				SWIFT_VERSION = 4.0;
				TARGETED_DEVICE_FAMILY = "1,2";
				TEST_HOST = "$(BUILT_PRODUCTS_DIR)/persitent.app/persitent";
			};
			name = Release;
		};
		F428BF1221BA921F00BFDF23 /* Debug */ = {
			isa = XCBuildConfiguration;
			buildSettings = {
				ALWAYS_EMBED_SWIFT_STANDARD_LIBRARIES = YES;
				CODE_SIGN_STYLE = Automatic;
				INFOPLIST_FILE = persitentUITests/Info.plist;
				LD_RUNPATH_SEARCH_PATHS = (
					"$(inherited)",
					"@executable_path/Frameworks",
					"@loader_path/Frameworks",
				);
				PRODUCT_BUNDLE_IDENTIFIER = Felix.persitentUITests;
				PRODUCT_NAME = "$(TARGET_NAME)";
				SWIFT_VERSION = 4.0;
				TARGETED_DEVICE_FAMILY = "1,2";
				TEST_TARGET_NAME = persitent;
			};
			name = Debug;
		};
		F428BF1321BA921F00BFDF23 /* Release */ = {
			isa = XCBuildConfiguration;
			buildSettings = {
				ALWAYS_EMBED_SWIFT_STANDARD_LIBRARIES = YES;
				CODE_SIGN_STYLE = Automatic;
				INFOPLIST_FILE = persitentUITests/Info.plist;
				LD_RUNPATH_SEARCH_PATHS = (
					"$(inherited)",
					"@executable_path/Frameworks",
					"@loader_path/Frameworks",
				);
				PRODUCT_BUNDLE_IDENTIFIER = Felix.persitentUITests;
				PRODUCT_NAME = "$(TARGET_NAME)";
				SWIFT_VERSION = 4.0;
				TARGETED_DEVICE_FAMILY = "1,2";
				TEST_TARGET_NAME = persitent;
			};
			name = Release;
		};
/* End XCBuildConfiguration section */

/* Begin XCConfigurationList section */
		F428BEDB21BA920800BFDF23 /* Build configuration list for PBXProject "persitent" */ = {
			isa = XCConfigurationList;
			buildConfigurations = (
				F428BF0921BA921F00BFDF23 /* Debug */,
				F428BF0A21BA921F00BFDF23 /* Release */,
			);
			defaultConfigurationIsVisible = 0;
			defaultConfigurationName = Release;
		};
		F428BF0B21BA921F00BFDF23 /* Build configuration list for PBXNativeTarget "persitent" */ = {
			isa = XCConfigurationList;
			buildConfigurations = (
				F428BF0C21BA921F00BFDF23 /* Debug */,
				F428BF0D21BA921F00BFDF23 /* Release */,
			);
			defaultConfigurationIsVisible = 0;
			defaultConfigurationName = Release;
		};
		F428BF0E21BA921F00BFDF23 /* Build configuration list for PBXNativeTarget "persitentTests" */ = {
			isa = XCConfigurationList;
			buildConfigurations = (
				F428BF0F21BA921F00BFDF23 /* Debug */,
				F428BF1021BA921F00BFDF23 /* Release */,
			);
			defaultConfigurationIsVisible = 0;
			defaultConfigurationName = Release;
		};
		F428BF1121BA921F00BFDF23 /* Build configuration list for PBXNativeTarget "persitentUITests" */ = {
			isa = XCConfigurationList;
			buildConfigurations = (
				F428BF1221BA921F00BFDF23 /* Debug */,
				F428BF1321BA921F00BFDF23 /* Release */,
			);
			defaultConfigurationIsVisible = 0;
			defaultConfigurationName = Release;
		};
/* End XCConfigurationList section */

/* Begin XCVersionGroup section */
		F428BEEA21BA920900BFDF23 /* persitent.xcdatamodeld */ = {
			isa = XCVersionGroup;
			children = (
				F428BEEB21BA920900BFDF23 /* persitent.xcdatamodel */,
			);
			currentVersion = F428BEEB21BA920900BFDF23 /* persitent.xcdatamodel */;
			path = persitent.xcdatamodeld;
			sourceTree = "<group>";
			versionGroupType = wrapper.xcdatamodel;
		};
/* End XCVersionGroup section */
	};
	rootObject = F428BED821BA920800BFDF23 /* Project object */;
}
